
Microsoft Visual Studio Solution File, Format Version 12.00
# Visual Studio 15
VisualStudioVersion = 15.0.28307.705
MinimumVisualStudioVersion = 10.0.40219.1
Project("{FAE04EC0-301F-11D3-BF4B-00C04F79EFBC}") = "Bismuth.Wpf.Demo", "Bismuth.Wpf.Demo\Bismuth.Wpf.Demo.csproj", "{A4836F04-5F6C-4712-8838-DC8BD0492B2D}"
EndProject
Project("{FAE04EC0-301F-11D3-BF4B-00C04F79EFBC}") = "Bismuth.Wpf", "Bismuth.Wpf\Bismuth.Wpf.csproj", "{AB030C8A-A0A4-452F-B058-DEC941E25284}"
EndProject
Global
	GlobalSection(SolutionConfigurationPlatforms) = preSolution
		Debug|Any CPU = Debug|Any CPU
		Release|Any CPU = Release|Any CPU
	EndGlobalSection
	GlobalSection(ProjectConfigurationPlatforms) = postSolution
		{A4836F04-5F6C-4712-8838-DC8BD0492B2D}.Debug|Any CPU.ActiveCfg = Debug|Any CPU
		{A4836F04-5F6C-4712-8838-DC8BD0492B2D}.Debug|Any CPU.Build.0 = Debug|Any CPU
		{A4836F04-5F6C-4712-8838-DC8BD0492B2D}.Release|Any CPU.ActiveCfg = Release|Any CPU
		{A4836F04-5F6C-4712-8838-DC8BD0492B2D}.Release|Any CPU.Build.0 = Release|Any CPU
		{AB030C8A-A0A4-452F-B058-DEC941E25284}.Debug|Any CPU.ActiveCfg = Debug|Any CPU
		{AB030C8A-A0A4-452F-B058-DEC941E25284}.Debug|Any CPU.Build.0 = Debug|Any CPU
		{AB030C8A-A0A4-452F-B058-DEC941E25284}.Release|Any CPU.ActiveCfg = Release|Any CPU
		{AB030C8A-A0A4-452F-B058-DEC941E25284}.Release|Any CPU.Build.0 = Release|Any CPU
	EndGlobalSection
	GlobalSection(SolutionProperties) = preSolution
		HideSolutionNode = FALSE
	EndGlobalSection
	GlobalSection(ExtensibilityGlobals) = postSolution
		SolutionGuid = {E1428A61-4C2D-4C47-B8EF-7B5DDEF7EFCD}
	EndGlobalSection
EndGlobal
